
Microsoft Visual Studio Solution File, Format Version 12.00
# Visual Studio 15
VisualStudioVersion = 15.0.27703.2042
MinimumVisualStudioVersion = 10.0.40219.1
Project("{FAE04EC0-301F-11D3-BF4B-00C04F79EFBC}") = "psychocs", "psychocs\psychocs.csproj", "{C092FD48-835D-4215-BA3E-C4F77FAFF727}"
EndProject
Global
	GlobalSection(SolutionConfigurationPlatforms) = preSolution
		Debug|Any CPU = Debug|Any CPU
		Release|Any CPU = Release|Any CPU
	EndGlobalSection
	GlobalSection(ProjectConfigurationPlatforms) = postSolution
		{C092FD48-835D-4215-BA3E-C4F77FAFF727}.Debug|Any CPU.ActiveCfg = Debug|Any CPU
		{C092FD48-835D-4215-BA3E-C4F77FAFF727}.Debug|Any CPU.Build.0 = Debug|Any CPU
		{C092FD48-835D-4215-BA3E-C4F77FAFF727}.Release|Any CPU.ActiveCfg = Release|Any CPU
		{C092FD48-835D-4215-BA3E-C4F77FAFF727}.Release|Any CPU.Build.0 = Release|Any CPU
	EndGlobalSection
	GlobalSection(SolutionProperties) = preSolution
		HideSolutionNode = FALSE
	EndGlobalSection
	GlobalSection(ExtensibilityGlobals) = postSolution
		SolutionGuid = {E6B8AEE1-C17F-4976-8B80-BBD96D0F8950}
	EndGlobalSection
EndGlobal
